// !$*UTF8*$!
{
	archiveVersion = 1;
	classes = {
	};
	objectVersion = 46;
	objects = {

/* Begin PBXBuildFile section */
		E27139811CAA6F5900D0E453 /* AppDelegate.swift in Sources */ = {isa = PBXBuildFile; fileRef = E27139801CAA6F5900D0E453 /* AppDelegate.swift */; };
		E27139861CAA6F5900D0E453 /* Main.storyboard in Resources */ = {isa = PBXBuildFile; fileRef = E27139841CAA6F5900D0E453 /* Main.storyboard */; };
		E27139881CAA6F5900D0E453 /* Assets.xcassets in Resources */ = {isa = PBXBuildFile; fileRef = E27139871CAA6F5900D0E453 /* Assets.xcassets */; };
		E271398B1CAA6F5900D0E453 /* LaunchScreen.storyboard in Resources */ = {isa = PBXBuildFile; fileRef = E27139891CAA6F5900D0E453 /* LaunchScreen.storyboard */; };
		E27139961CAA6F5900D0E453 /* HappinessTests.swift in Sources */ = {isa = PBXBuildFile; fileRef = E27139951CAA6F5900D0E453 /* HappinessTests.swift */; };
		E27139A11CAA6F5900D0E453 /* HappinessUITests.swift in Sources */ = {isa = PBXBuildFile; fileRef = E27139A01CAA6F5900D0E453 /* HappinessUITests.swift */; };
		E27139AF1CAA701D00D0E453 /* HappinessViewController.swift in Sources */ = {isa = PBXBuildFile; fileRef = E27139AE1CAA701D00D0E453 /* HappinessViewController.swift */; };
		E27139B11CAA71E600D0E453 /* FaceView.swift in Sources */ = {isa = PBXBuildFile; fileRef = E27139B01CAA71E600D0E453 /* FaceView.swift */; };
/* End PBXBuildFile section */

/* Begin PBXContainerItemProxy section */
		E27139921CAA6F5900D0E453 /* PBXContainerItemProxy */ = {
			isa = PBXContainerItemProxy;
			containerPortal = E27139751CAA6F5800D0E453 /* Project object */;
			proxyType = 1;
			remoteGlobalIDString = E271397C1CAA6F5800D0E453;
			remoteInfo = Happiness;
		};
		E271399D1CAA6F5900D0E453 /* PBXContainerItemProxy */ = {
			isa = PBXContainerItemProxy;
			containerPortal = E27139751CAA6F5800D0E453 /* Project object */;
			proxyType = 1;
			remoteGlobalIDString = E271397C1CAA6F5800D0E453;
			remoteInfo = Happiness;
		};
/* End PBXContainerItemProxy section */

/* Begin PBXFileReference section */
		E271397D1CAA6F5800D0E453 /* Happiness.app */ = {isa = PBXFileReference; explicitFileType = wrapper.application; includeInIndex = 0; path = Happiness.app; sourceTree = BUILT_PRODUCTS_DIR; };
		E27139801CAA6F5900D0E453 /* AppDelegate.swift */ = {isa = PBXFileReference; lastKnownFileType = sourcecode.swift; path = AppDelegate.swift; sourceTree = "<group>"; };
		E27139851CAA6F5900D0E453 /* Base */ = {isa = PBXFileReference; lastKnownFileType = file.storyboard; name = Base; path = Base.lproj/Main.storyboard; sourceTree = "<group>"; };
		E27139871CAA6F5900D0E453 /* Assets.xcassets */ = {isa = PBXFileReference; lastKnownFileType = folder.assetcatalog; path = Assets.xcassets; sourceTree = "<group>"; };
		E271398A1CAA6F5900D0E453 /* Base */ = {isa = PBXFileReference; lastKnownFileType = file.storyboard; name = Base; path = Base.lproj/LaunchScreen.storyboard; sourceTree = "<group>"; };
		E271398C1CAA6F5900D0E453 /* Info.plist */ = {isa = PBXFileReference; lastKnownFileType = text.plist.xml; path = Info.plist; sourceTree = "<group>"; };
		E27139911CAA6F5900D0E453 /* HappinessTests.xctest */ = {isa = PBXFileReference; explicitFileType = wrapper.cfbundle; includeInIndex = 0; path = HappinessTests.xctest; sourceTree = BUILT_PRODUCTS_DIR; };
		E27139951CAA6F5900D0E453 /* HappinessTests.swift */ = {isa = PBXFileReference; lastKnownFileType = sourcecode.swift; path = HappinessTests.swift; sourceTree = "<group>"; };
		E27139971CAA6F5900D0E453 /* Info.plist */ = {isa = PBXFileReference; lastKnownFileType = text.plist.xml; path = Info.plist; sourceTree = "<group>"; };
		E271399C1CAA6F5900D0E453 /* HappinessUITests.xctest */ = {isa = PBXFileReference; explicitFileType = wrapper.cfbundle; includeInIndex = 0; path = HappinessUITests.xctest; sourceTree = BUILT_PRODUCTS_DIR; };
		E27139A01CAA6F5900D0E453 /* HappinessUITests.swift */ = {isa = PBXFileReference; lastKnownFileType = sourcecode.swift; path = HappinessUITests.swift; sourceTree = "<group>"; };
		E27139A21CAA6F5900D0E453 /* Info.plist */ = {isa = PBXFileReference; lastKnownFileType = text.plist.xml; path = Info.plist; sourceTree = "<group>"; };
		E27139AE1CAA701D00D0E453 /* HappinessViewController.swift */ = {isa = PBXFileReference; fileEncoding = 4; lastKnownFileType = sourcecode.swift; path = HappinessViewController.swift; sourceTree = "<group>"; };
		E27139B01CAA71E600D0E453 /* FaceView.swift */ = {isa = PBXFileReference; fileEncoding = 4; lastKnownFileType = sourcecode.swift; path = FaceView.swift; sourceTree = "<group>"; };
/* End PBXFileReference section */

/* Begin PBXFrameworksBuildPhase section */
		E271397A1CAA6F5800D0E453 /* Frameworks */ = {
			isa = PBXFrameworksBuildPhase;
			buildActionMask = 2147483647;
			files = (
			);
			runOnlyForDeploymentPostprocessing = 0;
		};
		E271398E1CAA6F5900D0E453 /* Frameworks */ = {
			isa = PBXFrameworksBuildPhase;
			buildActionMask = 2147483647;
			files = (
			);
			runOnlyForDeploymentPostprocessing = 0;
		};
		E27139991CAA6F5900D0E453 /* Frameworks */ = {
			isa = PBXFrameworksBuildPhase;
			buildActionMask = 2147483647;
			files = (
			);
			runOnlyForDeploymentPostprocessing = 0;
		};
/* End PBXFrameworksBuildPhase section */

/* Begin PBXGroup section */
		E27139741CAA6F5800D0E453 = {
			isa = PBXGroup;
			children = (
				E271397F1CAA6F5900D0E453 /* Happiness */,
				E27139941CAA6F5900D0E453 /* HappinessTests */,
				E271399F1CAA6F5900D0E453 /* HappinessUITests */,
				E271397E1CAA6F5800D0E453 /* Products */,
			);
			sourceTree = "<group>";
		};
		E271397E1CAA6F5800D0E453 /* Products */ = {
			isa = PBXGroup;
			children = (
				E271397D1CAA6F5800D0E453 /* Happiness.app */,
				E27139911CAA6F5900D0E453 /* HappinessTests.xctest */,
				E271399C1CAA6F5900D0E453 /* HappinessUITests.xctest */,
			);
			name = Products;
			sourceTree = "<group>";
		};
		E271397F1CAA6F5900D0E453 /* Happiness */ = {
			isa = PBXGroup;
			children = (
				E27139AE1CAA701D00D0E453 /* HappinessViewController.swift */,
				E27139B01CAA71E600D0E453 /* FaceView.swift */,
				E27139841CAA6F5900D0E453 /* Main.storyboard */,
				E27139871CAA6F5900D0E453 /* Assets.xcassets */,
				E27139891CAA6F5900D0E453 /* LaunchScreen.storyboard */,
				E27139801CAA6F5900D0E453 /* AppDelegate.swift */,
				E271398C1CAA6F5900D0E453 /* Info.plist */,
			);
			path = Happiness;
			sourceTree = "<group>";
		};
		E27139941CAA6F5900D0E453 /* HappinessTests */ = {
			isa = PBXGroup;
			children = (
				E27139951CAA6F5900D0E453 /* HappinessTests.swift */,
				E27139971CAA6F5900D0E453 /* Info.plist */,
			);
			path = HappinessTests;
			sourceTree = "<group>";
		};
		E271399F1CAA6F5900D0E453 /* HappinessUITests */ = {
			isa = PBXGroup;
			children = (
				E27139A01CAA6F5900D0E453 /* HappinessUITests.swift */,
				E27139A21CAA6F5900D0E453 /* Info.plist */,
			);
			path = HappinessUITests;
			sourceTree = "<group>";
		};
/* End PBXGroup section */

/* Begin PBXNativeTarget section */
		E271397C1CAA6F5800D0E453 /* Happiness */ = {
			isa = PBXNativeTarget;
			buildConfigurationList = E27139A51CAA6F5900D0E453 /* Build configuration list for PBXNativeTarget "Happiness" */;
			buildPhases = (
				E27139791CAA6F5800D0E453 /* Sources */,
				E271397A1CAA6F5800D0E453 /* Frameworks */,
				E271397B1CAA6F5800D0E453 /* Resources */,
			);
			buildRules = (
			);
			dependencies = (
			);
			name = Happiness;
			productName = Happiness;
			productReference = E271397D1CAA6F5800D0E453 /* Happiness.app */;
			productType = "com.apple.product-type.application";
		};
		E27139901CAA6F5900D0E453 /* HappinessTests */ = {
			isa = PBXNativeTarget;
			buildConfigurationList = E27139A81CAA6F5900D0E453 /* Build configuration list for PBXNativeTarget "HappinessTests" */;
			buildPhases = (
				E271398D1CAA6F5900D0E453 /* Sources */,
				E271398E1CAA6F5900D0E453 /* Frameworks */,
				E271398F1CAA6F5900D0E453 /* Resources */,
			);
			buildRules = (
			);
			dependencies = (
				E27139931CAA6F5900D0E453 /* PBXTargetDependency */,
			);
			name = HappinessTests;
			productName = HappinessTests;
			productReference = E27139911CAA6F5900D0E453 /* HappinessTests.xctest */;
			productType = "com.apple.product-type.bundle.unit-test";
		};
		E271399B1CAA6F5900D0E453 /* HappinessUITests */ = {
			isa = PBXNativeTarget;
			buildConfigurationList = E27139AB1CAA6F5900D0E453 /* Build configuration list for PBXNativeTarget "HappinessUITests" */;
			buildPhases = (
				E27139981CAA6F5900D0E453 /* Sources */,
				E27139991CAA6F5900D0E453 /* Frameworks */,
				E271399A1CAA6F5900D0E453 /* Resources */,
			);
			buildRules = (
			);
			dependencies = (
				E271399E1CAA6F5900D0E453 /* PBXTargetDependency */,
			);
			name = HappinessUITests;
			productName = HappinessUITests;
			productReference = E271399C1CAA6F5900D0E453 /* HappinessUITests.xctest */;
			productType = "com.apple.product-type.bundle.ui-testing";
		};
/* End PBXNativeTarget section */

/* Begin PBXProject section */
		E27139751CAA6F5800D0E453 /* Project object */ = {
			isa = PBXProject;
			attributes = {
				LastSwiftUpdateCheck = 0730;
				LastUpgradeCheck = 0730;
				ORGANIZATIONNAME = DP;
				TargetAttributes = {
					E271397C1CAA6F5800D0E453 = {
						CreatedOnToolsVersion = 7.3;
						DevelopmentTeam = EXQD8EZF59;
					};
					E27139901CAA6F5900D0E453 = {
						CreatedOnToolsVersion = 7.3;
						DevelopmentTeam = EXQD8EZF59;
						TestTargetID = E271397C1CAA6F5800D0E453;
					};
					E271399B1CAA6F5900D0E453 = {
						CreatedOnToolsVersion = 7.3;
						DevelopmentTeam = EXQD8EZF59;
						TestTargetID = E271397C1CAA6F5800D0E453;
					};
				};
			};
			buildConfigurationList = E27139781CAA6F5800D0E453 /* Build configuration list for PBXProject "Happiness" */;
			compatibilityVersion = "Xcode 3.2";
			developmentRegion = English;
			hasScannedForEncodings = 0;
			knownRegions = (
				en,
				Base,
			);
			mainGroup = E27139741CAA6F5800D0E453;
			productRefGroup = E271397E1CAA6F5800D0E453 /* Products */;
			projectDirPath = "";
			projectRoot = "";
			targets = (
				E271397C1CAA6F5800D0E453 /* Happiness */,
				E27139901CAA6F5900D0E453 /* HappinessTests */,
				E271399B1CAA6F5900D0E453 /* HappinessUITests */,
			);
		};
/* End PBXProject section */

/* Begin PBXResourcesBuildPhase section */
		E271397B1CAA6F5800D0E453 /* Resources */ = {
			isa = PBXResourcesBuildPhase;
			buildActionMask = 2147483647;
			files = (
				E271398B1CAA6F5900D0E453 /* LaunchScreen.storyboard in Resources */,
				E27139881CAA6F5900D0E453 /* Assets.xcassets in Resources */,
				E27139861CAA6F5900D0E453 /* Main.storyboard in Resources */,
			);
			runOnlyForDeploymentPostprocessing = 0;
		};
		E271398F1CAA6F5900D0E453 /* Resources */ = {
			isa = PBXResourcesBuildPhase;
			buildActionMask = 2147483647;
			files = (
			);
			runOnlyForDeploymentPostprocessing = 0;
		};
		E271399A1CAA6F5900D0E453 /* Resources */ = {
			isa = PBXResourcesBuildPhase;
			buildActionMask = 2147483647;
			files = (
			);
			runOnlyForDeploymentPostprocessing = 0;
		};
/* End PBXResourcesBuildPhase section */

/* Begin PBXSourcesBuildPhase section */
		E27139791CAA6F5800D0E453 /* Sources */ = {
			isa = PBXSourcesBuildPhase;
			buildActionMask = 2147483647;
			files = (
				E27139AF1CAA701D00D0E453 /* HappinessViewController.swift in Sources */,
				E27139811CAA6F5900D0E453 /* AppDelegate.swift in Sources */,
				E27139B11CAA71E600D0E453 /* FaceView.swift in Sources */,
			);
			runOnlyForDeploymentPostprocessing = 0;
		};
		E271398D1CAA6F5900D0E453 /* Sources */ = {
			isa = PBXSourcesBuildPhase;
			buildActionMask = 2147483647;
			files = (
				E27139961CAA6F5900D0E453 /* HappinessTests.swift in Sources */,
			);
			runOnlyForDeploymentPostprocessing = 0;
		};
		E27139981CAA6F5900D0E453 /* Sources */ = {
			isa = PBXSourcesBuildPhase;
			buildActionMask = 2147483647;
			files = (
				E27139A11CAA6F5900D0E453 /* HappinessUITests.swift in Sources */,
			);
			runOnlyForDeploymentPostprocessing = 0;
		};
/* End PBXSourcesBuildPhase section */

/* Begin PBXTargetDependency section */
		E27139931CAA6F5900D0E453 /* PBXTargetDependency */ = {
			isa = PBXTargetDependency;
			target = E271397C1CAA6F5800D0E453 /* Happiness */;
			targetProxy = E27139921CAA6F5900D0E453 /* PBXContainerItemProxy */;
		};
		E271399E1CAA6F5900D0E453 /* PBXTargetDependency */ = {
			isa = PBXTargetDependency;
			target = E271397C1CAA6F5800D0E453 /* Happiness */;
			targetProxy = E271399D1CAA6F5900D0E453 /* PBXContainerItemProxy */;
		};
/* End PBXTargetDependency section */

/* Begin PBXVariantGroup section */
		E27139841CAA6F5900D0E453 /* Main.storyboard */ = {
			isa = PBXVariantGroup;
			children = (
				E27139851CAA6F5900D0E453 /* Base */,
			);
			name = Main.storyboard;
			sourceTree = "<group>";
		};
		E27139891CAA6F5900D0E453 /* LaunchScreen.storyboard */ = {
			isa = PBXVariantGroup;
			children = (
				E271398A1CAA6F5900D0E453 /* Base */,
			);
			name = LaunchScreen.storyboard;
			sourceTree = "<group>";
		};
/* End PBXVariantGroup section */

/* Begin XCBuildConfiguration section */
		E27139A31CAA6F5900D0E453 /* Debug */ = {
			isa = XCBuildConfiguration;
			buildSettings = {
				ALWAYS_SEARCH_USER_PATHS = NO;
				CLANG_ANALYZER_NONNULL = YES;
				CLANG_CXX_LANGUAGE_STANDARD = "gnu++0x";
				CLANG_CXX_LIBRARY = "libc++";
				CLANG_ENABLE_MODULES = YES;
				CLANG_ENABLE_OBJC_ARC = YES;
				CLANG_WARN_BOOL_CONVERSION = YES;
				CLANG_WARN_CONSTANT_CONVERSION = YES;
				CLANG_WARN_DIRECT_OBJC_ISA_USAGE = YES_ERROR;
				CLANG_WARN_EMPTY_BODY = YES;
				CLANG_WARN_ENUM_CONVERSION = YES;
				CLANG_WARN_INT_CONVERSION = YES;
				CLANG_WARN_OBJC_ROOT_CLASS = YES_ERROR;
				CLANG_WARN_UNREACHABLE_CODE = YES;
				CLANG_WARN__DUPLICATE_METHOD_MATCH = YES;
				"CODE_SIGN_IDENTITY[sdk=iphoneos*]" = "iPhone Developer";
				COPY_PHASE_STRIP = NO;
				DEBUG_INFORMATION_FORMAT = dwarf;
				ENABLE_STRICT_OBJC_MSGSEND = YES;
				ENABLE_TESTABILITY = YES;
				GCC_C_LANGUAGE_STANDARD = gnu99;
				GCC_DYNAMIC_NO_PIC = NO;
				GCC_NO_COMMON_BLOCKS = YES;
				GCC_OPTIMIZATION_LEVEL = 0;
				GCC_PREPROCESSOR_DEFINITIONS = (
					"DEBUG=1",
					"$(inherited)",
				);
				GCC_WARN_64_TO_32_BIT_CONVERSION = YES;
				GCC_WARN_ABOUT_RETURN_TYPE = YES_ERROR;
				GCC_WARN_UNDECLARED_SELECTOR = YES;
				GCC_WARN_UNINITIALIZED_AUTOS = YES_AGGRESSIVE;
				GCC_WARN_UNUSED_FUNCTION = YES;
				GCC_WARN_UNUSED_VARIABLE = YES;
				IPHONEOS_DEPLOYMENT_TARGET = 9.3;
				MTL_ENABLE_DEBUG_INFO = YES;
				ONLY_ACTIVE_ARCH = YES;
				SDKROOT = iphoneos;
				SWIFT_OPTIMIZATION_LEVEL = "-Onone";
				TARGETED_DEVICE_FAMILY = "1,2";
			};
			name = Debug;
		};
		E27139A41CAA6F5900D0E453 /* Release */ = {
			isa = XCBuildConfiguration;
			buildSettings = {
				ALWAYS_SEARCH_USER_PATHS = NO;
				CLANG_ANALYZER_NONNULL = YES;
				CLANG_CXX_LANGUAGE_STANDARD = "gnu++0x";
				CLANG_CXX_LIBRARY = "libc++";
				CLANG_ENABLE_MODULES = YES;
				CLANG_ENABLE_OBJC_ARC = YES;
				CLANG_WARN_BOOL_CONVERSION = YES;
				CLANG_WARN_CONSTANT_CONVERSION = YES;
				CLANG_WARN_DIRECT_OBJC_ISA_USAGE = YES_ERROR;
				CLANG_WARN_EMPTY_BODY = YES;
				CLANG_WARN_ENUM_CONVERSION = YES;
				CLANG_WARN_INT_CONVERSION = YES;
				CLANG_WARN_OBJC_ROOT_CLASS = YES_ERROR;
				CLANG_WARN_UNREACHABLE_CODE = YES;
				CLANG_WARN__DUPLICATE_METHOD_MATCH = YES;
				"CODE_SIGN_IDENTITY[sdk=iphoneos*]" = "iPhone Developer";
				COPY_PHASE_STRIP = NO;
				DEBUG_INFORMATION_FORMAT = "dwarf-with-dsym";
				ENABLE_NS_ASSERTIONS = NO;
				ENABLE_STRICT_OBJC_MSGSEND = YES;
				GCC_C_LANGUAGE_STANDARD = gnu99;
				GCC_NO_COMMON_BLOCKS = YES;
				GCC_WARN_64_TO_32_BIT_CONVERSION = YES;
				GCC_WARN_ABOUT_RETURN_TYPE = YES_ERROR;
				GCC_WARN_UNDECLARED_SELECTOR = YES;
				GCC_WARN_UNINITIALIZED_AUTOS = YES_AGGRESSIVE;
				GCC_WARN_UNUSED_FUNCTION = YES;
				GCC_WARN_UNUSED_VARIABLE = YES;
				IPHONEOS_DEPLOYMENT_TARGET = 9.3;
				MTL_ENABLE_DEBUG_INFO = NO;
				SDKROOT = iphoneos;
				TARGETED_DEVICE_FAMILY = "1,2";
				VALIDATE_PRODUCT = YES;
			};
			name = Release;
		};
		E27139A61CAA6F5900D0E453 /* Debug */ = {
			isa = XCBuildConfiguration;
			buildSettings = {
				ASSETCATALOG_COMPILER_APPICON_NAME = AppIcon;
				CODE_SIGN_IDENTITY = "iPhone Developer";
				INFOPLIST_FILE = Happiness/Info.plist;
				LD_RUNPATH_SEARCH_PATHS = "$(inherited) @executable_path/Frameworks";
				PRODUCT_BUNDLE_IDENTIFIER = DP.Happiness.view;
				PRODUCT_NAME = "$(TARGET_NAME)";
			};
			name = Debug;
		};
		E27139A71CAA6F5900D0E453 /* Release */ = {
			isa = XCBuildConfiguration;
			buildSettings = {
				ASSETCATALOG_COMPILER_APPICON_NAME = AppIcon;
				CODE_SIGN_IDENTITY = "iPhone Developer";
				INFOPLIST_FILE = Happiness/Info.plist;
				LD_RUNPATH_SEARCH_PATHS = "$(inherited) @executable_path/Frameworks";
				PRODUCT_BUNDLE_IDENTIFIER = DP.Happiness.view;
				PRODUCT_NAME = "$(TARGET_NAME)";
			};
			name = Release;
		};
		E27139A91CAA6F5900D0E453 /* Debug */ = {
			isa = XCBuildConfiguration;
			buildSettings = {
				BUNDLE_LOADER = "$(TEST_HOST)";
				INFOPLIST_FILE = HappinessTests/Info.plist;
				LD_RUNPATH_SEARCH_PATHS = "$(inherited) @executable_path/Frameworks @loader_path/Frameworks";
				PRODUCT_BUNDLE_IDENTIFIER = DP.HappinessTests;
				PRODUCT_NAME = "$(TARGET_NAME)";
				TEST_HOST = "$(BUILT_PRODUCTS_DIR)/Happiness.app/Happiness";
			};
			name = Debug;
		};
		E27139AA1CAA6F5900D0E453 /* Release */ = {
			isa = XCBuildConfiguration;
			buildSettings = {
				BUNDLE_LOADER = "$(TEST_HOST)";
				INFOPLIST_FILE = HappinessTests/Info.plist;
				LD_RUNPATH_SEARCH_PATHS = "$(inherited) @executable_path/Frameworks @loader_path/Frameworks";
				PRODUCT_BUNDLE_IDENTIFIER = DP.HappinessTests;
				PRODUCT_NAME = "$(TARGET_NAME)";
				TEST_HOST = "$(BUILT_PRODUCTS_DIR)/Happiness.app/Happiness";
			};
			name = Release;
		};
		E27139AC1CAA6F5900D0E453 /* Debug */ = {
			isa = XCBuildConfiguration;
			buildSettings = {
				INFOPLIST_FILE = HappinessUITests/Info.plist;
				LD_RUNPATH_SEARCH_PATHS = "$(inherited) @executable_path/Frameworks @loader_path/Frameworks";
				PRODUCT_BUNDLE_IDENTIFIER = DP.HappinessUITests;
				PRODUCT_NAME = "$(TARGET_NAME)";
				TEST_TARGET_NAME = Happiness;
			};
			name = Debug;
		};
		E27139AD1CAA6F5900D0E453 /* Release */ = {
			isa = XCBuildConfiguration;
			buildSettings = {
				INFOPLIST_FILE = HappinessUITests/Info.plist;
				LD_RUNPATH_SEARCH_PATHS = "$(inherited) @executable_path/Frameworks @loader_path/Frameworks";
				PRODUCT_BUNDLE_IDENTIFIER = DP.HappinessUITests;
				PRODUCT_NAME = "$(TARGET_NAME)";
				TEST_TARGET_NAME = Happiness;
			};
			name = Release;
		};
/* End XCBuildConfiguration section */

/* Begin XCConfigurationList section */
		E27139781CAA6F5800D0E453 /* Build configuration list for PBXProject "Happiness" */ = {
			isa = XCConfigurationList;
			buildConfigurations = (
				E27139A31CAA6F5900D0E453 /* Debug */,
				E27139A41CAA6F5900D0E453 /* Release */,
			);
			defaultConfigurationIsVisible = 0;
			defaultConfigurationName = Release;
		};
		E27139A51CAA6F5900D0E453 /* Build configuration list for PBXNativeTarget "Happiness" */ = {
			isa = XCConfigurationList;
			buildConfigurations = (
				E27139A61CAA6F5900D0E453 /* Debug */,
				E27139A71CAA6F5900D0E453 /* Release */,
			);
			defaultConfigurationIsVisible = 0;
		};
		E27139A81CAA6F5900D0E453 /* Build configuration list for PBXNativeTarget "HappinessTests" */ = {
			isa = XCConfigurationList;
			buildConfigurations = (
				E27139A91CAA6F5900D0E453 /* Debug */,
				E27139AA1CAA6F5900D0E453 /* Release */,
			);
			defaultConfigurationIsVisible = 0;
		};
		E27139AB1CAA6F5900D0E453 /* Build configuration list for PBXNativeTarget "HappinessUITests" */ = {
			isa = XCConfigurationList;
			buildConfigurations = (
				E27139AC1CAA6F5900D0E453 /* Debug */,
				E27139AD1CAA6F5900D0E453 /* Release */,
			);
			defaultConfigurationIsVisible = 0;
		};
/* End XCConfigurationList section */
	};
	rootObject = E27139751CAA6F5800D0E453 /* Project object */;
}
